
Microsoft Visual Studio Solution File, Format Version 12.00
Project("{FAE04EC0-301F-11D3-BF4B-00C04F79EFBC}") = "DG.HostApp", "DG.HostApp\DG.HostApp.csproj", "{950E9F2C-0142-40A0-B5B7-3359350A4D8E}"
EndProject
Global
	GlobalSection(SolutionConfigurationPlatforms) = preSolution
		Debug|Any CPU = Debug|Any CPU
		Release|Any CPU = Release|Any CPU
	EndGlobalSection
	GlobalSection(ProjectConfigurationPlatforms) = postSolution
		{950E9F2C-0142-40A0-B5B7-3359350A4D8E}.Debug|Any CPU.ActiveCfg = Debug|Any CPU
		{950E9F2C-0142-40A0-B5B7-3359350A4D8E}.Debug|Any CPU.Build.0 = Debug|Any CPU
		{950E9F2C-0142-40A0-B5B7-3359350A4D8E}.Release|Any CPU.ActiveCfg = Release|Any CPU
		{950E9F2C-0142-40A0-B5B7-3359350A4D8E}.Release|Any CPU.Build.0 = Release|Any CPU
	EndGlobalSection
EndGlobal
